
Microsoft Visual Studio Solution File, Format Version 12.00
# Visual Studio Version 17
VisualStudioVersion = 17.10.35027.167
MinimumVisualStudioVersion = 10.0.40219.1
Project("{9A19103F-16F7-4668-BE54-9A1E7A4F7556}") = "TemperatureEvents", "TemperatureEvents.csproj", "{7433B87C-A5DE-421D-B7A3-A9E5C5649331}"
EndProject
Global
	GlobalSection(SolutionConfigurationPlatforms) = preSolution
		Debug|Any CPU = Debug|Any CPU
		Release|Any CPU = Release|Any CPU
	EndGlobalSection
	GlobalSection(ProjectConfigurationPlatforms) = postSolution
		{7433B87C-A5DE-421D-B7A3-A9E5C5649331}.Debug|Any CPU.ActiveCfg = Debug|Any CPU
		{7433B87C-A5DE-421D-B7A3-A9E5C5649331}.Debug|Any CPU.Build.0 = Debug|Any CPU
		{7433B87C-A5DE-421D-B7A3-A9E5C5649331}.Release|Any CPU.ActiveCfg = Release|Any CPU
		{7433B87C-A5DE-421D-B7A3-A9E5C5649331}.Release|Any CPU.Build.0 = Release|Any CPU
	EndGlobalSection
	GlobalSection(SolutionProperties) = preSolution
		HideSolutionNode = FALSE
	EndGlobalSection
	GlobalSection(ExtensibilityGlobals) = postSolution
		SolutionGuid = {81B84D82-5EDD-420E-9E36-D9793BB2CEA1}
	EndGlobalSection
EndGlobal
